
Microsoft Visual Studio Solution File, Format Version 12.00
# Visual Studio Version 17
VisualStudioVersion = 17.11.35327.3
MinimumVisualStudioVersion = 10.0.40219.1
Project("{FAE04EC0-301F-11D3-BF4B-00C04F79EFBC}") = "Maskify", "Maskify\Maskify.csproj", "{62C309A2-F60E-49C4-A65C-A331A7949530}"
EndProject
Global
	GlobalSection(SolutionConfigurationPlatforms) = preSolution
		Debug|Any CPU = Debug|Any CPU
		Release|Any CPU = Release|Any CPU
	EndGlobalSection
	GlobalSection(ProjectConfigurationPlatforms) = postSolution
		{62C309A2-F60E-49C4-A65C-A331A7949530}.Debug|Any CPU.ActiveCfg = Debug|Any CPU
		{62C309A2-F60E-49C4-A65C-A331A7949530}.Debug|Any CPU.Build.0 = Debug|Any CPU
		{62C309A2-F60E-49C4-A65C-A331A7949530}.Release|Any CPU.ActiveCfg = Release|Any CPU
		{62C309A2-F60E-49C4-A65C-A331A7949530}.Release|Any CPU.Build.0 = Release|Any CPU
	EndGlobalSection
	GlobalSection(SolutionProperties) = preSolution
		HideSolutionNode = FALSE
	EndGlobalSection
	GlobalSection(ExtensibilityGlobals) = postSolution
		SolutionGuid = {CBC39B53-40EC-4099-8EF8-9617258B77E6}
	EndGlobalSection
EndGlobal
